
Microsoft Visual Studio Solution File, Format Version 12.00
# Visual Studio Version 17
VisualStudioVersion = 17.11.35327.3
MinimumVisualStudioVersion = 10.0.40219.1
Project("{9A19103F-16F7-4668-BE54-9A1E7A4F7556}") = "PharmacyApi", "PharmacyApi\PharmacyApi.csproj", "{FAD79815-6413-4F4A-B438-261AD5FA30BB}"
EndProject
Project("{FAE04EC0-301F-11D3-BF4B-00C04F79EFBC}") = "PharmacyTest", "PharmacyTest\PharmacyTest.csproj", "{C8D00115-0674-47DD-9F2E-19480B6BFC8C}"
EndProject
Global
	GlobalSection(SolutionConfigurationPlatforms) = preSolution
		Debug|Any CPU = Debug|Any CPU
		Release|Any CPU = Release|Any CPU
	EndGlobalSection
	GlobalSection(ProjectConfigurationPlatforms) = postSolution
		{FAD79815-6413-4F4A-B438-261AD5FA30BB}.Debug|Any CPU.ActiveCfg = Debug|Any CPU
		{FAD79815-6413-4F4A-B438-261AD5FA30BB}.Debug|Any CPU.Build.0 = Debug|Any CPU
		{FAD79815-6413-4F4A-B438-261AD5FA30BB}.Release|Any CPU.ActiveCfg = Release|Any CPU
		{FAD79815-6413-4F4A-B438-261AD5FA30BB}.Release|Any CPU.Build.0 = Release|Any CPU
		{C8D00115-0674-47DD-9F2E-19480B6BFC8C}.Debug|Any CPU.ActiveCfg = Debug|Any CPU
		{C8D00115-0674-47DD-9F2E-19480B6BFC8C}.Debug|Any CPU.Build.0 = Debug|Any CPU
		{C8D00115-0674-47DD-9F2E-19480B6BFC8C}.Release|Any CPU.ActiveCfg = Release|Any CPU
		{C8D00115-0674-47DD-9F2E-19480B6BFC8C}.Release|Any CPU.Build.0 = Release|Any CPU
	EndGlobalSection
	GlobalSection(SolutionProperties) = preSolution
		HideSolutionNode = FALSE
	EndGlobalSection
	GlobalSection(ExtensibilityGlobals) = postSolution
		SolutionGuid = {81397AB2-C378-456B-AB26-FB04C47E37BA}
	EndGlobalSection
EndGlobal
